
Microsoft Visual Studio Solution File, Format Version 12.00
# Visual Studio Version 16
VisualStudioVersion = 16.0.30114.105
MinimumVisualStudioVersion = 10.0.40219.1
Project("{FAE04EC0-301F-11D3-BF4B-00C04F79EFBC}") = "PropertyTaxCalc(A3)", "PropertyTaxCalc(A3)\PropertyTaxCalc(A3).csproj", "{1138FEB8-9911-4E6C-8067-C5D644303D02}"
EndProject
Global
	GlobalSection(SolutionConfigurationPlatforms) = preSolution
		Debug|Any CPU = Debug|Any CPU
		Release|Any CPU = Release|Any CPU
	EndGlobalSection
	GlobalSection(ProjectConfigurationPlatforms) = postSolution
		{1138FEB8-9911-4E6C-8067-C5D644303D02}.Debug|Any CPU.ActiveCfg = Debug|Any CPU
		{1138FEB8-9911-4E6C-8067-C5D644303D02}.Debug|Any CPU.Build.0 = Debug|Any CPU
		{1138FEB8-9911-4E6C-8067-C5D644303D02}.Release|Any CPU.ActiveCfg = Release|Any CPU
		{1138FEB8-9911-4E6C-8067-C5D644303D02}.Release|Any CPU.Build.0 = Release|Any CPU
	EndGlobalSection
	GlobalSection(SolutionProperties) = preSolution
		HideSolutionNode = FALSE
	EndGlobalSection
	GlobalSection(ExtensibilityGlobals) = postSolution
		SolutionGuid = {0DF67711-FA51-4620-93EC-F85A8C8E8F8F}
	EndGlobalSection
EndGlobal
