
Microsoft Visual Studio Solution File, Format Version 12.00
# Visual Studio Version 16
VisualStudioVersion = 16.0.30114.105
MinimumVisualStudioVersion = 10.0.40219.1
Project("{FAE04EC0-301F-11D3-BF4B-00C04F79EFBC}") = "TripCalculator", "TripCalculator\TripCalculator.csproj", "{6B535E0F-139D-46B2-A2D2-CF2734835751}"
EndProject
Global
	GlobalSection(SolutionConfigurationPlatforms) = preSolution
		Debug|Any CPU = Debug|Any CPU
		Release|Any CPU = Release|Any CPU
	EndGlobalSection
	GlobalSection(ProjectConfigurationPlatforms) = postSolution
		{6B535E0F-139D-46B2-A2D2-CF2734835751}.Debug|Any CPU.ActiveCfg = Debug|Any CPU
		{6B535E0F-139D-46B2-A2D2-CF2734835751}.Debug|Any CPU.Build.0 = Debug|Any CPU
		{6B535E0F-139D-46B2-A2D2-CF2734835751}.Release|Any CPU.ActiveCfg = Release|Any CPU
		{6B535E0F-139D-46B2-A2D2-CF2734835751}.Release|Any CPU.Build.0 = Release|Any CPU
	EndGlobalSection
	GlobalSection(SolutionProperties) = preSolution
		HideSolutionNode = FALSE
	EndGlobalSection
	GlobalSection(ExtensibilityGlobals) = postSolution
		SolutionGuid = {01418A28-A527-40E8-B5D3-BBA1C7B86C21}
	EndGlobalSection
EndGlobal
